
Microsoft Visual Studio Solution File, Format Version 12.00
# Visual Studio Version 17
VisualStudioVersion = 17.2.32526.322
MinimumVisualStudioVersion = 10.0.40219.1
Project("{FAE04EC0-301F-11D3-BF4B-00C04F79EFBC}") = "EC_Ex01", "EC_Ex01\EC_Ex01.csproj", "{19053D8D-106D-40C8-9AB2-23F86342C601}"
EndProject
Global
	GlobalSection(SolutionConfigurationPlatforms) = preSolution
		Debug|Any CPU = Debug|Any CPU
		Release|Any CPU = Release|Any CPU
	EndGlobalSection
	GlobalSection(ProjectConfigurationPlatforms) = postSolution
		{19053D8D-106D-40C8-9AB2-23F86342C601}.Debug|Any CPU.ActiveCfg = Debug|Any CPU
		{19053D8D-106D-40C8-9AB2-23F86342C601}.Debug|Any CPU.Build.0 = Debug|Any CPU
		{19053D8D-106D-40C8-9AB2-23F86342C601}.Release|Any CPU.ActiveCfg = Release|Any CPU
		{19053D8D-106D-40C8-9AB2-23F86342C601}.Release|Any CPU.Build.0 = Release|Any CPU
	EndGlobalSection
	GlobalSection(SolutionProperties) = preSolution
		HideSolutionNode = FALSE
	EndGlobalSection
	GlobalSection(ExtensibilityGlobals) = postSolution
		SolutionGuid = {C0A73CDC-DE42-49F8-86C3-CA60036BCEEF}
	EndGlobalSection
EndGlobal
